// !$*UTF8*$!
{
	archiveVersion = 1;
	classes = {
	};
	objectVersion = 50;
	objects = {

/* Begin PBXBuildFile section */
		7DB49B6F236AB957006C0686 /* AppDelegate.m in Sources */ = {isa = PBXBuildFile; fileRef = 7DB49B6E236AB957006C0686 /* AppDelegate.m */; };
		7DB49B72236AB957006C0686 /* SceneDelegate.m in Sources */ = {isa = PBXBuildFile; fileRef = 7DB49B71236AB957006C0686 /* SceneDelegate.m */; };
		7DB49B75236AB957006C0686 /* ViewController.m in Sources */ = {isa = PBXBuildFile; fileRef = 7DB49B74236AB957006C0686 /* ViewController.m */; };
		7DB49B78236AB957006C0686 /* Main.storyboard in Resources */ = {isa = PBXBuildFile; fileRef = 7DB49B76236AB957006C0686 /* Main.storyboard */; };
		7DB49B7A236AB958006C0686 /* Assets.xcassets in Resources */ = {isa = PBXBuildFile; fileRef = 7DB49B79236AB958006C0686 /* Assets.xcassets */; };
		7DB49B7D236AB958006C0686 /* LaunchScreen.storyboard in Resources */ = {isa = PBXBuildFile; fileRef = 7DB49B7B236AB958006C0686 /* LaunchScreen.storyboard */; };
		7DB49B80236AB958006C0686 /* main.m in Sources */ = {isa = PBXBuildFile; fileRef = 7DB49B7F236AB958006C0686 /* main.m */; };
		7DB49B8A236AB959006C0686 /* TestDemoTests.m in Sources */ = {isa = PBXBuildFile; fileRef = 7DB49B89236AB959006C0686 /* TestDemoTests.m */; };
		7DB49B95236AB959006C0686 /* TestDemoUITests.m in Sources */ = {isa = PBXBuildFile; fileRef = 7DB49B94236AB959006C0686 /* TestDemoUITests.m */; };
		7DB49BAA236ABACA006C0686 /* A1ViewController.m in Sources */ = {isa = PBXBuildFile; fileRef = 7DB49BA9236ABAC9006C0686 /* A1ViewController.m */; };
		7DB49BAD236ABAD5006C0686 /* A2ViewController.m in Sources */ = {isa = PBXBuildFile; fileRef = 7DB49BAC236ABAD5006C0686 /* A2ViewController.m */; };
/* End PBXBuildFile section */

/* Begin PBXContainerItemProxy section */
		7DB49B86236AB958006C0686 /* PBXContainerItemProxy */ = {
			isa = PBXContainerItemProxy;
			containerPortal = 7DB49B62236AB957006C0686 /* Project object */;
			proxyType = 1;
			remoteGlobalIDString = 7DB49B69236AB957006C0686;
			remoteInfo = TestDemo;
		};
		7DB49B91236AB959006C0686 /* PBXContainerItemProxy */ = {
			isa = PBXContainerItemProxy;
			containerPortal = 7DB49B62236AB957006C0686 /* Project object */;
			proxyType = 1;
			remoteGlobalIDString = 7DB49B69236AB957006C0686;
			remoteInfo = TestDemo;
		};
/* End PBXContainerItemProxy section */

/* Begin PBXFileReference section */
		7DB49B6A236AB957006C0686 /* TestDemo.app */ = {isa = PBXFileReference; explicitFileType = wrapper.application; includeInIndex = 0; path = TestDemo.app; sourceTree = BUILT_PRODUCTS_DIR; };
		7DB49B6D236AB957006C0686 /* AppDelegate.h */ = {isa = PBXFileReference; lastKnownFileType = sourcecode.c.h; path = AppDelegate.h; sourceTree = "<group>"; };
		7DB49B6E236AB957006C0686 /* AppDelegate.m */ = {isa = PBXFileReference; lastKnownFileType = sourcecode.c.objc; path = AppDelegate.m; sourceTree = "<group>"; };
		7DB49B70236AB957006C0686 /* SceneDelegate.h */ = {isa = PBXFileReference; lastKnownFileType = sourcecode.c.h; path = SceneDelegate.h; sourceTree = "<group>"; };
		7DB49B71236AB957006C0686 /* SceneDelegate.m */ = {isa = PBXFileReference; lastKnownFileType = sourcecode.c.objc; path = SceneDelegate.m; sourceTree = "<group>"; };
		7DB49B73236AB957006C0686 /* ViewController.h */ = {isa = PBXFileReference; lastKnownFileType = sourcecode.c.h; path = ViewController.h; sourceTree = "<group>"; };
		7DB49B74236AB957006C0686 /* ViewController.m */ = {isa = PBXFileReference; lastKnownFileType = sourcecode.c.objc; path = ViewController.m; sourceTree = "<group>"; };
		7DB49B77236AB957006C0686 /* Base */ = {isa = PBXFileReference; lastKnownFileType = file.storyboard; name = Base; path = Base.lproj/Main.storyboard; sourceTree = "<group>"; };
		7DB49B79236AB958006C0686 /* Assets.xcassets */ = {isa = PBXFileReference; lastKnownFileType = folder.assetcatalog; path = Assets.xcassets; sourceTree = "<group>"; };
		7DB49B7C236AB958006C0686 /* Base */ = {isa = PBXFileReference; lastKnownFileType = file.storyboard; name = Base; path = Base.lproj/LaunchScreen.storyboard; sourceTree = "<group>"; };
		7DB49B7E236AB958006C0686 /* Info.plist */ = {isa = PBXFileReference; lastKnownFileType = text.plist.xml; path = Info.plist; sourceTree = "<group>"; };
		7DB49B7F236AB958006C0686 /* main.m */ = {isa = PBXFileReference; lastKnownFileType = sourcecode.c.objc; path = main.m; sourceTree = "<group>"; };
		7DB49B85236AB958006C0686 /* TestDemoTests.xctest */ = {isa = PBXFileReference; explicitFileType = wrapper.cfbundle; includeInIndex = 0; path = TestDemoTests.xctest; sourceTree = BUILT_PRODUCTS_DIR; };
		7DB49B89236AB959006C0686 /* TestDemoTests.m */ = {isa = PBXFileReference; lastKnownFileType = sourcecode.c.objc; path = TestDemoTests.m; sourceTree = "<group>"; };
		7DB49B8B236AB959006C0686 /* Info.plist */ = {isa = PBXFileReference; lastKnownFileType = text.plist.xml; path = Info.plist; sourceTree = "<group>"; };
		7DB49B90236AB959006C0686 /* TestDemoUITests.xctest */ = {isa = PBXFileReference; explicitFileType = wrapper.cfbundle; includeInIndex = 0; path = TestDemoUITests.xctest; sourceTree = BUILT_PRODUCTS_DIR; };
		7DB49B94236AB959006C0686 /* TestDemoUITests.m */ = {isa = PBXFileReference; lastKnownFileType = sourcecode.c.objc; path = TestDemoUITests.m; sourceTree = "<group>"; };
		7DB49B96236AB959006C0686 /* Info.plist */ = {isa = PBXFileReference; lastKnownFileType = text.plist.xml; path = Info.plist; sourceTree = "<group>"; };
		7DB49BA8236ABAC9006C0686 /* A1ViewController.h */ = {isa = PBXFileReference; lastKnownFileType = sourcecode.c.h; path = A1ViewController.h; sourceTree = "<group>"; };
		7DB49BA9236ABAC9006C0686 /* A1ViewController.m */ = {isa = PBXFileReference; lastKnownFileType = sourcecode.c.objc; path = A1ViewController.m; sourceTree = "<group>"; };
		7DB49BAB236ABAD5006C0686 /* A2ViewController.h */ = {isa = PBXFileReference; lastKnownFileType = sourcecode.c.h; path = A2ViewController.h; sourceTree = "<group>"; };
		7DB49BAC236ABAD5006C0686 /* A2ViewController.m */ = {isa = PBXFileReference; lastKnownFileType = sourcecode.c.objc; path = A2ViewController.m; sourceTree = "<group>"; };
/* End PBXFileReference section */

/* Begin PBXFrameworksBuildPhase section */
		7DB49B67236AB957006C0686 /* Frameworks */ = {
			isa = PBXFrameworksBuildPhase;
			buildActionMask = 2147483647;
			files = (
			);
			runOnlyForDeploymentPostprocessing = 0;
		};
		7DB49B82236AB958006C0686 /* Frameworks */ = {
			isa = PBXFrameworksBuildPhase;
			buildActionMask = 2147483647;
			files = (
			);
			runOnlyForDeploymentPostprocessing = 0;
		};
		7DB49B8D236AB959006C0686 /* Frameworks */ = {
			isa = PBXFrameworksBuildPhase;
			buildActionMask = 2147483647;
			files = (
			);
			runOnlyForDeploymentPostprocessing = 0;
		};
/* End PBXFrameworksBuildPhase section */

/* Begin PBXGroup section */
		7DB49B61236AB957006C0686 = {
			isa = PBXGroup;
			children = (
				7DB49B6C236AB957006C0686 /* TestDemo */,
				7DB49B88236AB959006C0686 /* TestDemoTests */,
				7DB49B93236AB959006C0686 /* TestDemoUITests */,
				7DB49B6B236AB957006C0686 /* Products */,
			);
			sourceTree = "<group>";
		};
		7DB49B6B236AB957006C0686 /* Products */ = {
			isa = PBXGroup;
			children = (
				7DB49B6A236AB957006C0686 /* TestDemo.app */,
				7DB49B85236AB958006C0686 /* TestDemoTests.xctest */,
				7DB49B90236AB959006C0686 /* TestDemoUITests.xctest */,
			);
			name = Products;
			sourceTree = "<group>";
		};
		7DB49B6C236AB957006C0686 /* TestDemo */ = {
			isa = PBXGroup;
			children = (
				7DB49B6D236AB957006C0686 /* AppDelegate.h */,
				7DB49B6E236AB957006C0686 /* AppDelegate.m */,
				7DB49B70236AB957006C0686 /* SceneDelegate.h */,
				7DB49B71236AB957006C0686 /* SceneDelegate.m */,
				7DB49B73236AB957006C0686 /* ViewController.h */,
				7DB49B74236AB957006C0686 /* ViewController.m */,
				7DB49BA8236ABAC9006C0686 /* A1ViewController.h */,
				7DB49BA9236ABAC9006C0686 /* A1ViewController.m */,
				7DB49BAB236ABAD5006C0686 /* A2ViewController.h */,
				7DB49BAC236ABAD5006C0686 /* A2ViewController.m */,
				7DB49B76236AB957006C0686 /* Main.storyboard */,
				7DB49B79236AB958006C0686 /* Assets.xcassets */,
				7DB49B7B236AB958006C0686 /* LaunchScreen.storyboard */,
				7DB49B7E236AB958006C0686 /* Info.plist */,
				7DB49B7F236AB958006C0686 /* main.m */,
			);
			path = TestDemo;
			sourceTree = "<group>";
		};
		7DB49B88236AB959006C0686 /* TestDemoTests */ = {
			isa = PBXGroup;
			children = (
				7DB49B89236AB959006C0686 /* TestDemoTests.m */,
				7DB49B8B236AB959006C0686 /* Info.plist */,
			);
			path = TestDemoTests;
			sourceTree = "<group>";
		};
		7DB49B93236AB959006C0686 /* TestDemoUITests */ = {
			isa = PBXGroup;
			children = (
				7DB49B94236AB959006C0686 /* TestDemoUITests.m */,
				7DB49B96236AB959006C0686 /* Info.plist */,
			);
			path = TestDemoUITests;
			sourceTree = "<group>";
		};
/* End PBXGroup section */

/* Begin PBXNativeTarget section */
		7DB49B69236AB957006C0686 /* TestDemo */ = {
			isa = PBXNativeTarget;
			buildConfigurationList = 7DB49B99236AB959006C0686 /* Build configuration list for PBXNativeTarget "TestDemo" */;
			buildPhases = (
				7DB49B66236AB957006C0686 /* Sources */,
				7DB49B67236AB957006C0686 /* Frameworks */,
				7DB49B68236AB957006C0686 /* Resources */,
			);
			buildRules = (
			);
			dependencies = (
			);
			name = TestDemo;
			productName = TestDemo;
			productReference = 7DB49B6A236AB957006C0686 /* TestDemo.app */;
			productType = "com.apple.product-type.application";
		};
		7DB49B84236AB958006C0686 /* TestDemoTests */ = {
			isa = PBXNativeTarget;
			buildConfigurationList = 7DB49B9C236AB959006C0686 /* Build configuration list for PBXNativeTarget "TestDemoTests" */;
			buildPhases = (
				7DB49B81236AB958006C0686 /* Sources */,
				7DB49B82236AB958006C0686 /* Frameworks */,
				7DB49B83236AB958006C0686 /* Resources */,
			);
			buildRules = (
			);
			dependencies = (
				7DB49B87236AB958006C0686 /* PBXTargetDependency */,
			);
			name = TestDemoTests;
			productName = TestDemoTests;
			productReference = 7DB49B85236AB958006C0686 /* TestDemoTests.xctest */;
			productType = "com.apple.product-type.bundle.unit-test";
		};
		7DB49B8F236AB959006C0686 /* TestDemoUITests */ = {
			isa = PBXNativeTarget;
			buildConfigurationList = 7DB49B9F236AB959006C0686 /* Build configuration list for PBXNativeTarget "TestDemoUITests" */;
			buildPhases = (
				7DB49B8C236AB959006C0686 /* Sources */,
				7DB49B8D236AB959006C0686 /* Frameworks */,
				7DB49B8E236AB959006C0686 /* Resources */,
			);
			buildRules = (
			);
			dependencies = (
				7DB49B92236AB959006C0686 /* PBXTargetDependency */,
			);
			name = TestDemoUITests;
			productName = TestDemoUITests;
			productReference = 7DB49B90236AB959006C0686 /* TestDemoUITests.xctest */;
			productType = "com.apple.product-type.bundle.ui-testing";
		};
/* End PBXNativeTarget section */

/* Begin PBXProject section */
		7DB49B62236AB957006C0686 /* Project object */ = {
			isa = PBXProject;
			attributes = {
				LastUpgradeCheck = 1110;
				ORGANIZATIONNAME = "王浩宇";
				TargetAttributes = {
					7DB49B69236AB957006C0686 = {
						CreatedOnToolsVersion = 11.1;
					};
					7DB49B84236AB958006C0686 = {
						CreatedOnToolsVersion = 11.1;
						TestTargetID = 7DB49B69236AB957006C0686;
					};
					7DB49B8F236AB959006C0686 = {
						CreatedOnToolsVersion = 11.1;
						TestTargetID = 7DB49B69236AB957006C0686;
					};
				};
			};
			buildConfigurationList = 7DB49B65236AB957006C0686 /* Build configuration list for PBXProject "TestDemo" */;
			compatibilityVersion = "Xcode 9.3";
			developmentRegion = en;
			hasScannedForEncodings = 0;
			knownRegions = (
				en,
				Base,
			);
			mainGroup = 7DB49B61236AB957006C0686;
			productRefGroup = 7DB49B6B236AB957006C0686 /* Products */;
			projectDirPath = "";
			projectRoot = "";
			targets = (
				7DB49B69236AB957006C0686 /* TestDemo */,
				7DB49B84236AB958006C0686 /* TestDemoTests */,
				7DB49B8F236AB959006C0686 /* TestDemoUITests */,
			);
		};
/* End PBXProject section */

/* Begin PBXResourcesBuildPhase section */
		7DB49B68236AB957006C0686 /* Resources */ = {
			isa = PBXResourcesBuildPhase;
			buildActionMask = 2147483647;
			files = (
				7DB49B7D236AB958006C0686 /* LaunchScreen.storyboard in Resources */,
				7DB49B7A236AB958006C0686 /* Assets.xcassets in Resources */,
				7DB49B78236AB957006C0686 /* Main.storyboard in Resources */,
			);
			runOnlyForDeploymentPostprocessing = 0;
		};
		7DB49B83236AB958006C0686 /* Resources */ = {
			isa = PBXResourcesBuildPhase;
			buildActionMask = 2147483647;
			files = (
			);
			runOnlyForDeploymentPostprocessing = 0;
		};
		7DB49B8E236AB959006C0686 /* Resources */ = {
			isa = PBXResourcesBuildPhase;
			buildActionMask = 2147483647;
			files = (
			);
			runOnlyForDeploymentPostprocessing = 0;
		};
/* End PBXResourcesBuildPhase section */

/* Begin PBXSourcesBuildPhase section */
		7DB49B66236AB957006C0686 /* Sources */ = {
			isa = PBXSourcesBuildPhase;
			buildActionMask = 2147483647;
			files = (
				7DB49BAA236ABACA006C0686 /* A1ViewController.m in Sources */,
				7DB49B75236AB957006C0686 /* ViewController.m in Sources */,
				7DB49B6F236AB957006C0686 /* AppDelegate.m in Sources */,
				7DB49B80236AB958006C0686 /* main.m in Sources */,
				7DB49B72236AB957006C0686 /* SceneDelegate.m in Sources */,
				7DB49BAD236ABAD5006C0686 /* A2ViewController.m in Sources */,
			);
			runOnlyForDeploymentPostprocessing = 0;
		};
		7DB49B81236AB958006C0686 /* Sources */ = {
			isa = PBXSourcesBuildPhase;
			buildActionMask = 2147483647;
			files = (
				7DB49B8A236AB959006C0686 /* TestDemoTests.m in Sources */,
			);
			runOnlyForDeploymentPostprocessing = 0;
		};
		7DB49B8C236AB959006C0686 /* Sources */ = {
			isa = PBXSourcesBuildPhase;
			buildActionMask = 2147483647;
			files = (
				7DB49B95236AB959006C0686 /* TestDemoUITests.m in Sources */,
			);
			runOnlyForDeploymentPostprocessing = 0;
		};
/* End PBXSourcesBuildPhase section */

/* Begin PBXTargetDependency section */
		7DB49B87236AB958006C0686 /* PBXTargetDependency */ = {
			isa = PBXTargetDependency;
			target = 7DB49B69236AB957006C0686 /* TestDemo */;
			targetProxy = 7DB49B86236AB958006C0686 /* PBXContainerItemProxy */;
		};
		7DB49B92236AB959006C0686 /* PBXTargetDependency */ = {
			isa = PBXTargetDependency;
			target = 7DB49B69236AB957006C0686 /* TestDemo */;
			targetProxy = 7DB49B91236AB959006C0686 /* PBXContainerItemProxy */;
		};
/* End PBXTargetDependency section */

/* Begin PBXVariantGroup section */
		7DB49B76236AB957006C0686 /* Main.storyboard */ = {
			isa = PBXVariantGroup;
			children = (
				7DB49B77236AB957006C0686 /* Base */,
			);
			name = Main.storyboard;
			sourceTree = "<group>";
		};
		7DB49B7B236AB958006C0686 /* LaunchScreen.storyboard */ = {
			isa = PBXVariantGroup;
			children = (
				7DB49B7C236AB958006C0686 /* Base */,
			);
			name = LaunchScreen.storyboard;
			sourceTree = "<group>";
		};
/* End PBXVariantGroup section */

/* Begin XCBuildConfiguration section */
		7DB49B97236AB959006C0686 /* Debug */ = {
			isa = XCBuildConfiguration;
			buildSettings = {
				ALWAYS_SEARCH_USER_PATHS = NO;
				CLANG_ANALYZER_NONNULL = YES;
				CLANG_ANALYZER_NUMBER_OBJECT_CONVERSION = YES_AGGRESSIVE;
				CLANG_CXX_LANGUAGE_STANDARD = "gnu++14";
				CLANG_CXX_LIBRARY = "libc++";
				CLANG_ENABLE_MODULES = YES;
				CLANG_ENABLE_OBJC_ARC = YES;
				CLANG_ENABLE_OBJC_WEAK = YES;
				CLANG_WARN_BLOCK_CAPTURE_AUTORELEASING = YES;
				CLANG_WARN_BOOL_CONVERSION = YES;
				CLANG_WARN_COMMA = YES;
				CLANG_WARN_CONSTANT_CONVERSION = YES;
				CLANG_WARN_DEPRECATED_OBJC_IMPLEMENTATIONS = YES;
				CLANG_WARN_DIRECT_OBJC_ISA_USAGE = YES_ERROR;
				CLANG_WARN_DOCUMENTATION_COMMENTS = YES;
				CLANG_WARN_EMPTY_BODY = YES;
				CLANG_WARN_ENUM_CONVERSION = YES;
				CLANG_WARN_INFINITE_RECURSION = YES;
				CLANG_WARN_INT_CONVERSION = YES;
				CLANG_WARN_NON_LITERAL_NULL_CONVERSION = YES;
				CLANG_WARN_OBJC_IMPLICIT_RETAIN_SELF = YES;
				CLANG_WARN_OBJC_LITERAL_CONVERSION = YES;
				CLANG_WARN_OBJC_ROOT_CLASS = YES_ERROR;
				CLANG_WARN_RANGE_LOOP_ANALYSIS = YES;
				CLANG_WARN_STRICT_PROTOTYPES = YES;
				CLANG_WARN_SUSPICIOUS_MOVE = YES;
				CLANG_WARN_UNGUARDED_AVAILABILITY = YES_AGGRESSIVE;
				CLANG_WARN_UNREACHABLE_CODE = YES;
				CLANG_WARN__DUPLICATE_METHOD_MATCH = YES;
				COPY_PHASE_STRIP = NO;
				DEBUG_INFORMATION_FORMAT = dwarf;
				ENABLE_STRICT_OBJC_MSGSEND = YES;
				ENABLE_TESTABILITY = YES;
				GCC_C_LANGUAGE_STANDARD = gnu11;
				GCC_DYNAMIC_NO_PIC = NO;
				GCC_NO_COMMON_BLOCKS = YES;
				GCC_OPTIMIZATION_LEVEL = 0;
				GCC_PREPROCESSOR_DEFINITIONS = (
					"DEBUG=1",
					"$(inherited)",
				);
				GCC_WARN_64_TO_32_BIT_CONVERSION = YES;
				GCC_WARN_ABOUT_RETURN_TYPE = YES_ERROR;
				GCC_WARN_UNDECLARED_SELECTOR = YES;
				GCC_WARN_UNINITIALIZED_AUTOS = YES_AGGRESSIVE;
				GCC_WARN_UNUSED_FUNCTION = YES;
				GCC_WARN_UNUSED_VARIABLE = YES;
				IPHONEOS_DEPLOYMENT_TARGET = 13.1;
				MTL_ENABLE_DEBUG_INFO = INCLUDE_SOURCE;
				MTL_FAST_MATH = YES;
				ONLY_ACTIVE_ARCH = YES;
				SDKROOT = iphoneos;
			};
			name = Debug;
		};
		7DB49B98236AB959006C0686 /* Release */ = {
			isa = XCBuildConfiguration;
			buildSettings = {
				ALWAYS_SEARCH_USER_PATHS = NO;
				CLANG_ANALYZER_NONNULL = YES;
				CLANG_ANALYZER_NUMBER_OBJECT_CONVERSION = YES_AGGRESSIVE;
				CLANG_CXX_LANGUAGE_STANDARD = "gnu++14";
				CLANG_CXX_LIBRARY = "libc++";
				CLANG_ENABLE_MODULES = YES;
				CLANG_ENABLE_OBJC_ARC = YES;
				CLANG_ENABLE_OBJC_WEAK = YES;
				CLANG_WARN_BLOCK_CAPTURE_AUTORELEASING = YES;
				CLANG_WARN_BOOL_CONVERSION = YES;
				CLANG_WARN_COMMA = YES;
				CLANG_WARN_CONSTANT_CONVERSION = YES;
				CLANG_WARN_DEPRECATED_OBJC_IMPLEMENTATIONS = YES;
				CLANG_WARN_DIRECT_OBJC_ISA_USAGE = YES_ERROR;
				CLANG_WARN_DOCUMENTATION_COMMENTS = YES;
				CLANG_WARN_EMPTY_BODY = YES;
				CLANG_WARN_ENUM_CONVERSION = YES;
				CLANG_WARN_INFINITE_RECURSION = YES;
				CLANG_WARN_INT_CONVERSION = YES;
				CLANG_WARN_NON_LITERAL_NULL_CONVERSION = YES;
				CLANG_WARN_OBJC_IMPLICIT_RETAIN_SELF = YES;
				CLANG_WARN_OBJC_LITERAL_CONVERSION = YES;
				CLANG_WARN_OBJC_ROOT_CLASS = YES_ERROR;
				CLANG_WARN_RANGE_LOOP_ANALYSIS = YES;
				CLANG_WARN_STRICT_PROTOTYPES = YES;
				CLANG_WARN_SUSPICIOUS_MOVE = YES;
				CLANG_WARN_UNGUARDED_AVAILABILITY = YES_AGGRESSIVE;
				CLANG_WARN_UNREACHABLE_CODE = YES;
				CLANG_WARN__DUPLICATE_METHOD_MATCH = YES;
				COPY_PHASE_STRIP = NO;
				DEBUG_INFORMATION_FORMAT = "dwarf-with-dsym";
				ENABLE_NS_ASSERTIONS = NO;
				ENABLE_STRICT_OBJC_MSGSEND = YES;
				GCC_C_LANGUAGE_STANDARD = gnu11;
				GCC_NO_COMMON_BLOCKS = YES;
				GCC_WARN_64_TO_32_BIT_CONVERSION = YES;
				GCC_WARN_ABOUT_RETURN_TYPE = YES_ERROR;
				GCC_WARN_UNDECLARED_SELECTOR = YES;
				GCC_WARN_UNINITIALIZED_AUTOS = YES_AGGRESSIVE;
				GCC_WARN_UNUSED_FUNCTION = YES;
				GCC_WARN_UNUSED_VARIABLE = YES;
				IPHONEOS_DEPLOYMENT_TARGET = 13.1;
				MTL_ENABLE_DEBUG_INFO = NO;
				MTL_FAST_MATH = YES;
				SDKROOT = iphoneos;
				VALIDATE_PRODUCT = YES;
			};
			name = Release;
		};
		7DB49B9A236AB959006C0686 /* Debug */ = {
			isa = XCBuildConfiguration;
			buildSettings = {
				ASSETCATALOG_COMPILER_APPICON_NAME = AppIcon;
				CODE_SIGN_STYLE = Automatic;
				INFOPLIST_FILE = TestDemo/Info.plist;
				LD_RUNPATH_SEARCH_PATHS = (
					"$(inherited)",
					"@executable_path/Frameworks",
				);
				PRODUCT_BUNDLE_IDENTIFIER = test.TestDemo;
				PRODUCT_NAME = "$(TARGET_NAME)";
				TARGETED_DEVICE_FAMILY = "1,2";
			};
			name = Debug;
		};
		7DB49B9B236AB959006C0686 /* Release */ = {
			isa = XCBuildConfiguration;
			buildSettings = {
				ASSETCATALOG_COMPILER_APPICON_NAME = AppIcon;
				CODE_SIGN_STYLE = Automatic;
				INFOPLIST_FILE = TestDemo/Info.plist;
				LD_RUNPATH_SEARCH_PATHS = (
					"$(inherited)",
					"@executable_path/Frameworks",
				);
				PRODUCT_BUNDLE_IDENTIFIER = test.TestDemo;
				PRODUCT_NAME = "$(TARGET_NAME)";
				TARGETED_DEVICE_FAMILY = "1,2";
			};
			name = Release;
		};
		7DB49B9D236AB959006C0686 /* Debug */ = {
			isa = XCBuildConfiguration;
			buildSettings = {
				BUNDLE_LOADER = "$(TEST_HOST)";
				CODE_SIGN_STYLE = Automatic;
				INFOPLIST_FILE = TestDemoTests/Info.plist;
				IPHONEOS_DEPLOYMENT_TARGET = 13.1;
				LD_RUNPATH_SEARCH_PATHS = (
					"$(inherited)",
					"@executable_path/Frameworks",
					"@loader_path/Frameworks",
				);
				PRODUCT_BUNDLE_IDENTIFIER = test.TestDemoTests;
				PRODUCT_NAME = "$(TARGET_NAME)";
				TARGETED_DEVICE_FAMILY = "1,2";
				TEST_HOST = "$(BUILT_PRODUCTS_DIR)/TestDemo.app/TestDemo";
			};
			name = Debug;
		};
		7DB49B9E236AB959006C0686 /* Release */ = {
			isa = XCBuildConfiguration;
			buildSettings = {
				BUNDLE_LOADER = "$(TEST_HOST)";
				CODE_SIGN_STYLE = Automatic;
				INFOPLIST_FILE = TestDemoTests/Info.plist;
				IPHONEOS_DEPLOYMENT_TARGET = 13.1;
				LD_RUNPATH_SEARCH_PATHS = (
					"$(inherited)",
					"@executable_path/Frameworks",
					"@loader_path/Frameworks",
				);
				PRODUCT_BUNDLE_IDENTIFIER = test.TestDemoTests;
				PRODUCT_NAME = "$(TARGET_NAME)";
				TARGETED_DEVICE_FAMILY = "1,2";
				TEST_HOST = "$(BUILT_PRODUCTS_DIR)/TestDemo.app/TestDemo";
			};
			name = Release;
		};
		7DB49BA0236AB959006C0686 /* Debug */ = {
			isa = XCBuildConfiguration;
			buildSettings = {
				CODE_SIGN_STYLE = Automatic;
				INFOPLIST_FILE = TestDemoUITests/Info.plist;
				LD_RUNPATH_SEARCH_PATHS = (
					"$(inherited)",
					"@executable_path/Frameworks",
					"@loader_path/Frameworks",
				);
				PRODUCT_BUNDLE_IDENTIFIER = test.TestDemoUITests;
				PRODUCT_NAME = "$(TARGET_NAME)";
				TARGETED_DEVICE_FAMILY = "1,2";
				TEST_TARGET_NAME = TestDemo;
			};
			name = Debug;
		};
		7DB49BA1236AB959006C0686 /* Release */ = {
			isa = XCBuildConfiguration;
			buildSettings = {
				CODE_SIGN_STYLE = Automatic;
				INFOPLIST_FILE = TestDemoUITests/Info.plist;
				LD_RUNPATH_SEARCH_PATHS = (
					"$(inherited)",
					"@executable_path/Frameworks",
					"@loader_path/Frameworks",
				);
				PRODUCT_BUNDLE_IDENTIFIER = test.TestDemoUITests;
				PRODUCT_NAME = "$(TARGET_NAME)";
				TARGETED_DEVICE_FAMILY = "1,2";
				TEST_TARGET_NAME = TestDemo;
			};
			name = Release;
		};
/* End XCBuildConfiguration section */

/* Begin XCConfigurationList section */
		7DB49B65236AB957006C0686 /* Build configuration list for PBXProject "TestDemo" */ = {
			isa = XCConfigurationList;
			buildConfigurations = (
				7DB49B97236AB959006C0686 /* Debug */,
				7DB49B98236AB959006C0686 /* Release */,
			);
			defaultConfigurationIsVisible = 0;
			defaultConfigurationName = Release;
		};
		7DB49B99236AB959006C0686 /* Build configuration list for PBXNativeTarget "TestDemo" */ = {
			isa = XCConfigurationList;
			buildConfigurations = (
				7DB49B9A236AB959006C0686 /* Debug */,
				7DB49B9B236AB959006C0686 /* Release */,
			);
			defaultConfigurationIsVisible = 0;
			defaultConfigurationName = Release;
		};
		7DB49B9C236AB959006C0686 /* Build configuration list for PBXNativeTarget "TestDemoTests" */ = {
			isa = XCConfigurationList;
			buildConfigurations = (
				7DB49B9D236AB959006C0686 /* Debug */,
				7DB49B9E236AB959006C0686 /* Release */,
			);
			defaultConfigurationIsVisible = 0;
			defaultConfigurationName = Release;
		};
		7DB49B9F236AB959006C0686 /* Build configuration list for PBXNativeTarget "TestDemoUITests" */ = {
			isa = XCConfigurationList;
			buildConfigurations = (
				7DB49BA0236AB959006C0686 /* Debug */,
				7DB49BA1236AB959006C0686 /* Release */,
			);
			defaultConfigurationIsVisible = 0;
			defaultConfigurationName = Release;
		};
/* End XCConfigurationList section */
	};
	rootObject = 7DB49B62236AB957006C0686 /* Project object */;
}
